PODS:
  - SocketRocket (0.5.1)
  - StompClientLib (1.4.1):
    - SocketRocket

DEPENDENCIES:
  - SocketRocket
  - StompClientLib (from `../`)

SPEC REPOS:
  trunk:
    - SocketRocket

EXTERNAL SOURCES:
  StompClientLib:
    :path: "../"

SPEC CHECKSUMS:
  SocketRocket: d57c7159b83c3c6655745cd15302aa24b6bae531
  StompClientLib: ac40390e9660c574675f1c933bec81c8e2811a4f

PODFILE CHECKSUM: 041dbf70477e29e5853301f68d1ca262d5946f6a

COCOAPODS: 1.11.3
